
Microsoft Visual Studio Solution File, Format Version 12.00
# Visual Studio Version 17
VisualStudioVersion = 17.12.35707.178
MinimumVisualStudioVersion = 10.0.40219.1
Project("{FAE04EC0-301F-11D3-BF4B-00C04F79EFBC}") = "UsersManagement", "UsersManagement\UsersManagement.csproj", "{3AE0423D-6CC8-4FF6-9370-66AC11620C84}"
EndProject
Project("{FAE04EC0-301F-11D3-BF4B-00C04F79EFBC}") = "UsersAPI", "UsersAPI\UsersAPI.csproj", "{10E87E5A-66EB-42DF-94E1-7DE13B29FBBC}"
EndProject
Project("{FAE04EC0-301F-11D3-BF4B-00C04F79EFBC}") = "UsersTests", "UsersTests\UsersTests.csproj", "{AC64389F-49CB-4202-B089-11EE8AF5F59C}"
EndProject
Global
	GlobalSection(SolutionConfigurationPlatforms) = preSolution
		Debug|Any CPU = Debug|Any CPU
		Release|Any CPU = Release|Any CPU
	EndGlobalSection
	GlobalSection(ProjectConfigurationPlatforms) = postSolution
		{3AE0423D-6CC8-4FF6-9370-66AC11620C84}.Debug|Any CPU.ActiveCfg = Debug|Any CPU
		{3AE0423D-6CC8-4FF6-9370-66AC11620C84}.Debug|Any CPU.Build.0 = Debug|Any CPU
		{3AE0423D-6CC8-4FF6-9370-66AC11620C84}.Release|Any CPU.ActiveCfg = Release|Any CPU
		{3AE0423D-6CC8-4FF6-9370-66AC11620C84}.Release|Any CPU.Build.0 = Release|Any CPU
		{10E87E5A-66EB-42DF-94E1-7DE13B29FBBC}.Debug|Any CPU.ActiveCfg = Debug|Any CPU
		{10E87E5A-66EB-42DF-94E1-7DE13B29FBBC}.Debug|Any CPU.Build.0 = Debug|Any CPU
		{10E87E5A-66EB-42DF-94E1-7DE13B29FBBC}.Release|Any CPU.ActiveCfg = Release|Any CPU
		{10E87E5A-66EB-42DF-94E1-7DE13B29FBBC}.Release|Any CPU.Build.0 = Release|Any CPU
		{AC64389F-49CB-4202-B089-11EE8AF5F59C}.Debug|Any CPU.ActiveCfg = Debug|Any CPU
		{AC64389F-49CB-4202-B089-11EE8AF5F59C}.Debug|Any CPU.Build.0 = Debug|Any CPU
		{AC64389F-49CB-4202-B089-11EE8AF5F59C}.Release|Any CPU.ActiveCfg = Release|Any CPU
		{AC64389F-49CB-4202-B089-11EE8AF5F59C}.Release|Any CPU.Build.0 = Release|Any CPU
	EndGlobalSection
	GlobalSection(SolutionProperties) = preSolution
		HideSolutionNode = FALSE
	EndGlobalSection
EndGlobal
